
Microsoft Visual Studio Solution File, Format Version 12.00
# Visual Studio 15
VisualStudioVersion = 15.0.28010.2026
MinimumVisualStudioVersion = 10.0.40219.1
Project("{8BC9CEB8-8B4A-11D0-8D11-00A0C91BC942}") = "Lab1_2L(Desktop)", "Lab1_2L\Lab1_2L.vcxproj", "{D900EE10-8F03-4A9E-8CB5-B5366C4B6013}"
EndProject
Project("{8BC9CEB8-8B4A-11D0-8D11-00A0C91BC942}") = "Lab1_2(Desktop)", "Lab1_2\Lab1_2.vcxproj", "{FED6283D-AD59-47BB-B791-0845EA56D814}"
EndProject
Project("{8BC9CEB8-8B4A-11D0-8D11-00A0C91BC942}") = "Lab1(Desktop)", "Lab1_1\Lab1_1.vcxproj", "{D21720A8-79FA-4988-9690-948961527481}"
EndProject
Project("{8BC9CEB8-8B4A-11D0-8D11-00A0C91BC942}") = "Lab2(Desktop)", "Lab2\Lab2.vcxproj", "{E843DBFA-1AC7-49B1-BE0B-2A7EC0B2233D}"
EndProject
Project("{8BC9CEB8-8B4A-11D0-8D11-00A0C91BC942}") = "Desktop", "WindowsDesktopApplication\WindowsDesktopApplication.vcxproj", "{060A37EB-F3A1-4F52-B4FF-B1071552CADE}"
EndProject
Project("{8BC9CEB8-8B4A-11D0-8D11-00A0C91BC942}") = "Lab2L(Desktop)", "Lab2L\Lab2L.vcxproj", "{75304F82-4E05-4315-8986-2EEC82E21930}"
EndProject
Project("{8BC9CEB8-8B4A-11D0-8D11-00A0C91BC942}") = "Lab3(Memory)", "Lab3\Lab3.vcxproj", "{576BE64A-967B-46D8-8CD5-E2EFC6C008AD}"
EndProject
Project("{8BC9CEB8-8B4A-11D0-8D11-00A0C91BC942}") = "Lab4(Thread)", "Lab4(Thread)\Lab4(Thread).vcxproj", "{CB98373D-69FC-40F1-B3F0-C74075C96F7A}"
EndProject
Project("{8BC9CEB8-8B4A-11D0-8D11-00A0C91BC942}") = "Lab6(NTFS)", "Lab6(NTFS)\Lab6(NTFS).vcxproj", "{E9F2D9AC-6526-4B7A-BB8A-9BE98005AFA6}"
EndProject
Project("{8BC9CEB8-8B4A-11D0-8D11-00A0C91BC942}") = "Lab3L(Memory)", "Lab3L(Memory)\Lab3L(Memory).vcxproj", "{082FB1ED-D855-485F-8C30-C83C9BFBAC1F}"
EndProject
Project("{8BC9CEB8-8B4A-11D0-8D11-00A0C91BC942}") = "Lab4L(Thread)", "Lab4L(Thread)\Lab4L(Thread).vcxproj", "{2A4ADD47-BEB3-49E9-ABD5-09B2E5E2F5FB}"
EndProject
Project("{8BC9CEB8-8B4A-11D0-8D11-00A0C91BC942}") = "Lab5L(SyncThread)", "Lab5L(SyncThread)\Lab5L(SyncThread).vcxproj", "{CAB7FC51-EF7D-4CDD-827E-526796BA9E07}"
EndProject
Project("{8BC9CEB8-8B4A-11D0-8D11-00A0C91BC942}") = "Lab5(SyncThread)", "Lab5(SyncThread)\Lab5(SyncThread).vcxproj", "{2A702115-A5E3-49C3-9F77-4A3C91D5612C}"
EndProject
Project("{8BC9CEB8-8B4A-11D0-8D11-00A0C91BC942}") = "Lab5(SyncThread)Child", "Lab5(SyncThread)Child\Lab5(SyncThread)Child.vcxproj", "{3420D234-9219-4B48-86ED-15C66AA403E3}"
EndProject
Project("{8BC9CEB8-8B4A-11D0-8D11-00A0C91BC942}") = "Rgz", "Rgz\Rgz.vcxproj", "{4575A93D-CBED-4485-8FE9-D83F3321697F}"
EndProject
Global
	GlobalSection(SolutionConfigurationPlatforms) = preSolution
		Debug|Any CPU = Debug|Any CPU
		Debug|x64 = Debug|x64
		Debug|x86 = Debug|x86
		Release|Any CPU = Release|Any CPU
		Release|x64 = Release|x64
		Release|x86 = Release|x86
	EndGlobalSection
	GlobalSection(ProjectConfigurationPlatforms) = postSolution
		{D900EE10-8F03-4A9E-8CB5-B5366C4B6013}.Debug|Any CPU.ActiveCfg = Debug|Win32
		{D900EE10-8F03-4A9E-8CB5-B5366C4B6013}.Debug|x64.ActiveCfg = Debug|x64
		{D900EE10-8F03-4A9E-8CB5-B5366C4B6013}.Debug|x64.Build.0 = Debug|x64
		{D900EE10-8F03-4A9E-8CB5-B5366C4B6013}.Debug|x86.ActiveCfg = Debug|Win32
		{D900EE10-8F03-4A9E-8CB5-B5366C4B6013}.Debug|x86.Build.0 = Debug|Win32
		{D900EE10-8F03-4A9E-8CB5-B5366C4B6013}.Release|Any CPU.ActiveCfg = Release|Win32
		{D900EE10-8F03-4A9E-8CB5-B5366C4B6013}.Release|x64.ActiveCfg = Release|x64
		{D900EE10-8F03-4A9E-8CB5-B5366C4B6013}.Release|x64.Build.0 = Release|x64
		{D900EE10-8F03-4A9E-8CB5-B5366C4B6013}.Release|x86.ActiveCfg = Release|Win32
		{D900EE10-8F03-4A9E-8CB5-B5366C4B6013}.Release|x86.Build.0 = Release|Win32
		{FED6283D-AD59-47BB-B791-0845EA56D814}.Debug|Any CPU.ActiveCfg = Debug|Win32
		{FED6283D-AD59-47BB-B791-0845EA56D814}.Debug|x64.ActiveCfg = Debug|x64
		{FED6283D-AD59-47BB-B791-0845EA56D814}.Debug|x64.Build.0 = Debug|x64
		{FED6283D-AD59-47BB-B791-0845EA56D814}.Debug|x86.ActiveCfg = Debug|Win32
		{FED6283D-AD59-47BB-B791-0845EA56D814}.Debug|x86.Build.0 = Debug|Win32
		{FED6283D-AD59-47BB-B791-0845EA56D814}.Release|Any CPU.ActiveCfg = Release|Win32
		{FED6283D-AD59-47BB-B791-0845EA56D814}.Release|x64.ActiveCfg = Release|x64
		{FED6283D-AD59-47BB-B791-0845EA56D814}.Release|x64.Build.0 = Release|x64
		{FED6283D-AD59-47BB-B791-0845EA56D814}.Release|x86.ActiveCfg = Release|Win32
		{FED6283D-AD59-47BB-B791-0845EA56D814}.Release|x86.Build.0 = Release|Win32
		{D21720A8-79FA-4988-9690-948961527481}.Debug|Any CPU.ActiveCfg = Debug|Win32
		{D21720A8-79FA-4988-9690-948961527481}.Debug|x64.ActiveCfg = Debug|x64
		{D21720A8-79FA-4988-9690-948961527481}.Debug|x64.Build.0 = Debug|x64
		{D21720A8-79FA-4988-9690-948961527481}.Debug|x86.ActiveCfg = Debug|Win32
		{D21720A8-79FA-4988-9690-948961527481}.Debug|x86.Build.0 = Debug|Win32
		{D21720A8-79FA-4988-9690-948961527481}.Release|Any CPU.ActiveCfg = Release|Win32
		{D21720A8-79FA-4988-9690-948961527481}.Release|x64.ActiveCfg = Release|x64
		{D21720A8-79FA-4988-9690-948961527481}.Release|x64.Build.0 = Release|x64
		{D21720A8-79FA-4988-9690-948961527481}.Release|x86.ActiveCfg = Release|Win32
		{D21720A8-79FA-4988-9690-948961527481}.Release|x86.Build.0 = Release|Win32
		{E843DBFA-1AC7-49B1-BE0B-2A7EC0B2233D}.Debug|Any CPU.ActiveCfg = Debug|Win32
		{E843DBFA-1AC7-49B1-BE0B-2A7EC0B2233D}.Debug|x64.ActiveCfg = Debug|x64
		{E843DBFA-1AC7-49B1-BE0B-2A7EC0B2233D}.Debug|x64.Build.0 = Debug|x64
		{E843DBFA-1AC7-49B1-BE0B-2A7EC0B2233D}.Debug|x86.ActiveCfg = Debug|Win32
		{E843DBFA-1AC7-49B1-BE0B-2A7EC0B2233D}.Debug|x86.Build.0 = Debug|Win32
		{E843DBFA-1AC7-49B1-BE0B-2A7EC0B2233D}.Release|Any CPU.ActiveCfg = Release|Win32
		{E843DBFA-1AC7-49B1-BE0B-2A7EC0B2233D}.Release|x64.ActiveCfg = Release|x64
		{E843DBFA-1AC7-49B1-BE0B-2A7EC0B2233D}.Release|x64.Build.0 = Release|x64
		{E843DBFA-1AC7-49B1-BE0B-2A7EC0B2233D}.Release|x86.ActiveCfg = Release|Win32
		{E843DBFA-1AC7-49B1-BE0B-2A7EC0B2233D}.Release|x86.Build.0 = Release|Win32
		{060A37EB-F3A1-4F52-B4FF-B1071552CADE}.Debug|Any CPU.ActiveCfg = Debug|Win32
		{060A37EB-F3A1-4F52-B4FF-B1071552CADE}.Debug|x64.ActiveCfg = Debug|x64
		{060A37EB-F3A1-4F52-B4FF-B1071552CADE}.Debug|x64.Build.0 = Debug|x64
		{060A37EB-F3A1-4F52-B4FF-B1071552CADE}.Debug|x86.ActiveCfg = Debug|Win32
		{060A37EB-F3A1-4F52-B4FF-B1071552CADE}.Debug|x86.Build.0 = Debug|Win32
		{060A37EB-F3A1-4F52-B4FF-B1071552CADE}.Release|Any CPU.ActiveCfg = Release|Win32
		{060A37EB-F3A1-4F52-B4FF-B1071552CADE}.Release|x64.ActiveCfg = Release|x64
		{060A37EB-F3A1-4F52-B4FF-B1071552CADE}.Release|x64.Build.0 = Release|x64
		{060A37EB-F3A1-4F52-B4FF-B1071552CADE}.Release|x86.ActiveCfg = Release|Win32
		{060A37EB-F3A1-4F52-B4FF-B1071552CADE}.Release|x86.Build.0 = Release|Win32
		{75304F82-4E05-4315-8986-2EEC82E21930}.Debug|Any CPU.ActiveCfg = Debug|Win32
		{75304F82-4E05-4315-8986-2EEC82E21930}.Debug|x64.ActiveCfg = Debug|x64
		{75304F82-4E05-4315-8986-2EEC82E21930}.Debug|x64.Build.0 = Debug|x64
		{75304F82-4E05-4315-8986-2EEC82E21930}.Debug|x86.ActiveCfg = Debug|Win32
		{75304F82-4E05-4315-8986-2EEC82E21930}.Debug|x86.Build.0 = Debug|Win32
		{75304F82-4E05-4315-8986-2EEC82E21930}.Release|Any CPU.ActiveCfg = Release|Win32
		{75304F82-4E05-4315-8986-2EEC82E21930}.Release|x64.ActiveCfg = Release|x64
		{75304F82-4E05-4315-8986-2EEC82E21930}.Release|x64.Build.0 = Release|x64
		{75304F82-4E05-4315-8986-2EEC82E21930}.Release|x86.ActiveCfg = Release|Win32
		{75304F82-4E05-4315-8986-2EEC82E21930}.Release|x86.Build.0 = Release|Win32
		{576BE64A-967B-46D8-8CD5-E2EFC6C008AD}.Debug|Any CPU.ActiveCfg = Debug|Win32
		{576BE64A-967B-46D8-8CD5-E2EFC6C008AD}.Debug|x64.ActiveCfg = Debug|x64
		{576BE64A-967B-46D8-8CD5-E2EFC6C008AD}.Debug|x64.Build.0 = Debug|x64
		{576BE64A-967B-46D8-8CD5-E2EFC6C008AD}.Debug|x86.ActiveCfg = Debug|Win32
		{576BE64A-967B-46D8-8CD5-E2EFC6C008AD}.Debug|x86.Build.0 = Debug|Win32
		{576BE64A-967B-46D8-8CD5-E2EFC6C008AD}.Release|Any CPU.ActiveCfg = Release|Win32
		{576BE64A-967B-46D8-8CD5-E2EFC6C008AD}.Release|x64.ActiveCfg = Release|x64
		{576BE64A-967B-46D8-8CD5-E2EFC6C008AD}.Release|x64.Build.0 = Release|x64
		{576BE64A-967B-46D8-8CD5-E2EFC6C008AD}.Release|x86.ActiveCfg = Release|Win32
		{576BE64A-967B-46D8-8CD5-E2EFC6C008AD}.Release|x86.Build.0 = Release|Win32
		{CB98373D-69FC-40F1-B3F0-C74075C96F7A}.Debug|Any CPU.ActiveCfg = Debug|Win32
		{CB98373D-69FC-40F1-B3F0-C74075C96F7A}.Debug|x64.ActiveCfg = Debug|x64
		{CB98373D-69FC-40F1-B3F0-C74075C96F7A}.Debug|x64.Build.0 = Debug|x64
		{CB98373D-69FC-40F1-B3F0-C74075C96F7A}.Debug|x86.ActiveCfg = Debug|Win32
		{CB98373D-69FC-40F1-B3F0-C74075C96F7A}.Debug|x86.Build.0 = Debug|Win32
		{CB98373D-69FC-40F1-B3F0-C74075C96F7A}.Release|Any CPU.ActiveCfg = Release|Win32
		{CB98373D-69FC-40F1-B3F0-C74075C96F7A}.Release|x64.ActiveCfg = Release|x64
		{CB98373D-69FC-40F1-B3F0-C74075C96F7A}.Release|x64.Build.0 = Release|x64
		{CB98373D-69FC-40F1-B3F0-C74075C96F7A}.Release|x86.ActiveCfg = Release|Win32
		{CB98373D-69FC-40F1-B3F0-C74075C96F7A}.Release|x86.Build.0 = Release|Win32
		{E9F2D9AC-6526-4B7A-BB8A-9BE98005AFA6}.Debug|Any CPU.ActiveCfg = Debug|Win32
		{E9F2D9AC-6526-4B7A-BB8A-9BE98005AFA6}.Debug|x64.ActiveCfg = Debug|x64
		{E9F2D9AC-6526-4B7A-BB8A-9BE98005AFA6}.Debug|x64.Build.0 = Debug|x64
		{E9F2D9AC-6526-4B7A-BB8A-9BE98005AFA6}.Debug|x86.ActiveCfg = Debug|Win32
		{E9F2D9AC-6526-4B7A-BB8A-9BE98005AFA6}.Debug|x86.Build.0 = Debug|Win32
		{E9F2D9AC-6526-4B7A-BB8A-9BE98005AFA6}.Release|Any CPU.ActiveCfg = Release|Win32
		{E9F2D9AC-6526-4B7A-BB8A-9BE98005AFA6}.Release|x64.ActiveCfg = Release|x64
		{E9F2D9AC-6526-4B7A-BB8A-9BE98005AFA6}.Release|x64.Build.0 = Release|x64
		{E9F2D9AC-6526-4B7A-BB8A-9BE98005AFA6}.Release|x86.ActiveCfg = Release|Win32
		{E9F2D9AC-6526-4B7A-BB8A-9BE98005AFA6}.Release|x86.Build.0 = Release|Win32
		{082FB1ED-D855-485F-8C30-C83C9BFBAC1F}.Debug|Any CPU.ActiveCfg = Debug|Win32
		{082FB1ED-D855-485F-8C30-C83C9BFBAC1F}.Debug|x64.ActiveCfg = Debug|x64
		{082FB1ED-D855-485F-8C30-C83C9BFBAC1F}.Debug|x64.Build.0 = Debug|x64
		{082FB1ED-D855-485F-8C30-C83C9BFBAC1F}.Debug|x86.ActiveCfg = Debug|Win32
		{082FB1ED-D855-485F-8C30-C83C9BFBAC1F}.Debug|x86.Build.0 = Debug|Win32
		{082FB1ED-D855-485F-8C30-C83C9BFBAC1F}.Release|Any CPU.ActiveCfg = Release|Win32
		{082FB1ED-D855-485F-8C30-C83C9BFBAC1F}.Release|x64.ActiveCfg = Release|x64
		{082FB1ED-D855-485F-8C30-C83C9BFBAC1F}.Release|x64.Build.0 = Release|x64
		{082FB1ED-D855-485F-8C30-C83C9BFBAC1F}.Release|x86.ActiveCfg = Release|Win32
		{082FB1ED-D855-485F-8C30-C83C9BFBAC1F}.Release|x86.Build.0 = Release|Win32
		{2A4ADD47-BEB3-49E9-ABD5-09B2E5E2F5FB}.Debug|Any CPU.ActiveCfg = Debug|Win32
		{2A4ADD47-BEB3-49E9-ABD5-09B2E5E2F5FB}.Debug|x64.ActiveCfg = Debug|x64
		{2A4ADD47-BEB3-49E9-ABD5-09B2E5E2F5FB}.Debug|x64.Build.0 = Debug|x64
		{2A4ADD47-BEB3-49E9-ABD5-09B2E5E2F5FB}.Debug|x86.ActiveCfg = Debug|Win32
		{2A4ADD47-BEB3-49E9-ABD5-09B2E5E2F5FB}.Debug|x86.Build.0 = Debug|Win32
		{2A4ADD47-BEB3-49E9-ABD5-09B2E5E2F5FB}.Release|Any CPU.ActiveCfg = Release|Win32
		{2A4ADD47-BEB3-49E9-ABD5-09B2E5E2F5FB}.Release|x64.ActiveCfg = Release|x64
		{2A4ADD47-BEB3-49E9-ABD5-09B2E5E2F5FB}.Release|x64.Build.0 = Release|x64
		{2A4ADD47-BEB3-49E9-ABD5-09B2E5E2F5FB}.Release|x86.ActiveCfg = Release|Win32
		{2A4ADD47-BEB3-49E9-ABD5-09B2E5E2F5FB}.Release|x86.Build.0 = Release|Win32
		{CAB7FC51-EF7D-4CDD-827E-526796BA9E07}.Debug|Any CPU.ActiveCfg = Debug|Win32
		{CAB7FC51-EF7D-4CDD-827E-526796BA9E07}.Debug|x64.ActiveCfg = Debug|x64
		{CAB7FC51-EF7D-4CDD-827E-526796BA9E07}.Debug|x64.Build.0 = Debug|x64
		{CAB7FC51-EF7D-4CDD-827E-526796BA9E07}.Debug|x86.ActiveCfg = Debug|Win32
		{CAB7FC51-EF7D-4CDD-827E-526796BA9E07}.Debug|x86.Build.0 = Debug|Win32
		{CAB7FC51-EF7D-4CDD-827E-526796BA9E07}.Release|Any CPU.ActiveCfg = Release|Win32
		{CAB7FC51-EF7D-4CDD-827E-526796BA9E07}.Release|x64.ActiveCfg = Release|x64
		{CAB7FC51-EF7D-4CDD-827E-526796BA9E07}.Release|x64.Build.0 = Release|x64
		{CAB7FC51-EF7D-4CDD-827E-526796BA9E07}.Release|x86.ActiveCfg = Release|Win32
		{CAB7FC51-EF7D-4CDD-827E-526796BA9E07}.Release|x86.Build.0 = Release|Win32
		{2A702115-A5E3-49C3-9F77-4A3C91D5612C}.Debug|Any CPU.ActiveCfg = Debug|Win32
		{2A702115-A5E3-49C3-9F77-4A3C91D5612C}.Debug|x64.ActiveCfg = Debug|x64
		{2A702115-A5E3-49C3-9F77-4A3C91D5612C}.Debug|x64.Build.0 = Debug|x64
		{2A702115-A5E3-49C3-9F77-4A3C91D5612C}.Debug|x86.ActiveCfg = Debug|Win32
		{2A702115-A5E3-49C3-9F77-4A3C91D5612C}.Debug|x86.Build.0 = Debug|Win32
		{2A702115-A5E3-49C3-9F77-4A3C91D5612C}.Release|Any CPU.ActiveCfg = Release|Win32
		{2A702115-A5E3-49C3-9F77-4A3C91D5612C}.Release|x64.ActiveCfg = Release|x64
		{2A702115-A5E3-49C3-9F77-4A3C91D5612C}.Release|x64.Build.0 = Release|x64
		{2A702115-A5E3-49C3-9F77-4A3C91D5612C}.Release|x86.ActiveCfg = Release|Win32
		{2A702115-A5E3-49C3-9F77-4A3C91D5612C}.Release|x86.Build.0 = Release|Win32
		{3420D234-9219-4B48-86ED-15C66AA403E3}.Debug|Any CPU.ActiveCfg = Debug|Win32
		{3420D234-9219-4B48-86ED-15C66AA403E3}.Debug|x64.ActiveCfg = Debug|x64
		{3420D234-9219-4B48-86ED-15C66AA403E3}.Debug|x64.Build.0 = Debug|x64
		{3420D234-9219-4B48-86ED-15C66AA403E3}.Debug|x86.ActiveCfg = Debug|Win32
		{3420D234-9219-4B48-86ED-15C66AA403E3}.Debug|x86.Build.0 = Debug|Win32
		{3420D234-9219-4B48-86ED-15C66AA403E3}.Release|Any CPU.ActiveCfg = Release|Win32
		{3420D234-9219-4B48-86ED-15C66AA403E3}.Release|x64.ActiveCfg = Release|x64
		{3420D234-9219-4B48-86ED-15C66AA403E3}.Release|x64.Build.0 = Release|x64
		{3420D234-9219-4B48-86ED-15C66AA403E3}.Release|x86.ActiveCfg = Release|Win32
		{3420D234-9219-4B48-86ED-15C66AA403E3}.Release|x86.Build.0 = Release|Win32
		{4575A93D-CBED-4485-8FE9-D83F3321697F}.Debug|Any CPU.ActiveCfg = Debug|Win32
		{4575A93D-CBED-4485-8FE9-D83F3321697F}.Debug|x64.ActiveCfg = Debug|x64
		{4575A93D-CBED-4485-8FE9-D83F3321697F}.Debug|x64.Build.0 = Debug|x64
		{4575A93D-CBED-4485-8FE9-D83F3321697F}.Debug|x86.ActiveCfg = Debug|Win32
		{4575A93D-CBED-4485-8FE9-D83F3321697F}.Debug|x86.Build.0 = Debug|Win32
		{4575A93D-CBED-4485-8FE9-D83F3321697F}.Release|Any CPU.ActiveCfg = Release|Win32
		{4575A93D-CBED-4485-8FE9-D83F3321697F}.Release|x64.ActiveCfg = Release|x64
		{4575A93D-CBED-4485-8FE9-D83F3321697F}.Release|x64.Build.0 = Release|x64
		{4575A93D-CBED-4485-8FE9-D83F3321697F}.Release|x86.ActiveCfg = Release|Win32
		{4575A93D-CBED-4485-8FE9-D83F3321697F}.Release|x86.Build.0 = Release|Win32
	EndGlobalSection
	GlobalSection(SolutionProperties) = preSolution
		HideSolutionNode = FALSE
	EndGlobalSection
	GlobalSection(ExtensibilityGlobals) = postSolution
		SolutionGuid = {BCE9F429-9E6A-41F0-BECA-C8D9F25F009C}
	EndGlobalSection
EndGlobal
