
Microsoft Visual Studio Solution File, Format Version 12.00
# Visual Studio 15
VisualStudioVersion = 15.0.28010.2026
MinimumVisualStudioVersion = 10.0.40219.1
Project("{8BC9CEB8-8B4A-11D0-8D11-00A0C91BC942}") = "Lab1_2(Desktop)", "Lab1_2\Lab1_2.vcxproj", "{FED6283D-AD59-47BB-B791-0845EA56D814}"
EndProject
Project("{8BC9CEB8-8B4A-11D0-8D11-00A0C91BC942}") = "Lab1(Desktop)", "Lab1_1\Lab1_1.vcxproj", "{D21720A8-79FA-4988-9690-948961527481}"
EndProject
Project("{8BC9CEB8-8B4A-11D0-8D11-00A0C91BC942}") = "Lab2(Desktop)", "Lab2\Lab2.vcxproj", "{E843DBFA-1AC7-49B1-BE0B-2A7EC0B2233D}"
EndProject
Project("{8BC9CEB8-8B4A-11D0-8D11-00A0C91BC942}") = "Lab3(Memory)", "Lab3\Lab3.vcxproj", "{576BE64A-967B-46D8-8CD5-E2EFC6C008AD}"
EndProject
Project("{8BC9CEB8-8B4A-11D0-8D11-00A0C91BC942}") = "Lab4(Thread)", "Lab4(Thread)\Lab4(Thread).vcxproj", "{CB98373D-69FC-40F1-B3F0-C74075C96F7A}"
EndProject
Project("{8BC9CEB8-8B4A-11D0-8D11-00A0C91BC942}") = "Lab5(SyncThread)", "Lab5(SyncThread)\Lab5(SyncThread).vcxproj", "{2A702115-A5E3-49C3-9F77-4A3C91D5612C}"
EndProject
Project("{8BC9CEB8-8B4A-11D0-8D11-00A0C91BC942}") = "Lab5(SyncThread)Child", "Lab5(SyncThread)Child\Lab5(SyncThread)Child.vcxproj", "{3420D234-9219-4B48-86ED-15C66AA403E3}"
EndProject
Project("{8BC9CEB8-8B4A-11D0-8D11-00A0C91BC942}") = "Rgz", "Rgz\Rgz.vcxproj", "{4575A93D-CBED-4485-8FE9-D83F3321697F}"
EndProject
Global
	GlobalSection(SolutionConfigurationPlatforms) = preSolution
		Debug|Any CPU = Debug|Any CPU
		Debug|x64 = Debug|x64
		Debug|x86 = Debug|x86
		Release|Any CPU = Release|Any CPU
		Release|x64 = Release|x64
		Release|x86 = Release|x86
	EndGlobalSection
	GlobalSection(ProjectConfigurationPlatforms) = postSolution
		{FED6283D-AD59-47BB-B791-0845EA56D814}.Debug|Any CPU.ActiveCfg = Debug|Win32
		{FED6283D-AD59-47BB-B791-0845EA56D814}.Debug|x64.ActiveCfg = Debug|x64
		{FED6283D-AD59-47BB-B791-0845EA56D814}.Debug|x64.Build.0 = Debug|x64
		{FED6283D-AD59-47BB-B791-0845EA56D814}.Debug|x86.ActiveCfg = Debug|Win32
		{FED6283D-AD59-47BB-B791-0845EA56D814}.Debug|x86.Build.0 = Debug|Win32
		{FED6283D-AD59-47BB-B791-0845EA56D814}.Release|Any CPU.ActiveCfg = Release|Win32
		{FED6283D-AD59-47BB-B791-0845EA56D814}.Release|x64.ActiveCfg = Release|x64
		{FED6283D-AD59-47BB-B791-0845EA56D814}.Release|x64.Build.0 = Release|x64
		{FED6283D-AD59-47BB-B791-0845EA56D814}.Release|x86.ActiveCfg = Release|Win32
		{FED6283D-AD59-47BB-B791-0845EA56D814}.Release|x86.Build.0 = Release|Win32
		{D21720A8-79FA-4988-9690-948961527481}.Debug|Any CPU.ActiveCfg = Debug|Win32
		{D21720A8-79FA-4988-9690-948961527481}.Debug|x64.ActiveCfg = Debug|x64
		{D21720A8-79FA-4988-9690-948961527481}.Debug|x64.Build.0 = Debug|x64
		{D21720A8-79FA-4988-9690-948961527481}.Debug|x86.ActiveCfg = Debug|Win32
		{D21720A8-79FA-4988-9690-948961527481}.Debug|x86.Build.0 = Debug|Win32
		{D21720A8-79FA-4988-9690-948961527481}.Release|Any CPU.ActiveCfg = Release|Win32
		{D21720A8-79FA-4988-9690-948961527481}.Release|x64.ActiveCfg = Release|x64
		{D21720A8-79FA-4988-9690-948961527481}.Release|x64.Build.0 = Release|x64
		{D21720A8-79FA-4988-9690-948961527481}.Release|x86.ActiveCfg = Release|Win32
		{D21720A8-79FA-4988-9690-948961527481}.Release|x86.Build.0 = Release|Win32
		{E843DBFA-1AC7-49B1-BE0B-2A7EC0B2233D}.Debug|Any CPU.ActiveCfg = Debug|Win32
		{E843DBFA-1AC7-49B1-BE0B-2A7EC0B2233D}.Debug|x64.ActiveCfg = Debug|x64
		{E843DBFA-1AC7-49B1-BE0B-2A7EC0B2233D}.Debug|x64.Build.0 = Debug|x64
		{E843DBFA-1AC7-49B1-BE0B-2A7EC0B2233D}.Debug|x86.ActiveCfg = Debug|Win32
		{E843DBFA-1AC7-49B1-BE0B-2A7EC0B2233D}.Debug|x86.Build.0 = Debug|Win32
		{E843DBFA-1AC7-49B1-BE0B-2A7EC0B2233D}.Release|Any CPU.ActiveCfg = Release|Win32
		{E843DBFA-1AC7-49B1-BE0B-2A7EC0B2233D}.Release|x64.ActiveCfg = Release|x64
		{E843DBFA-1AC7-49B1-BE0B-2A7EC0B2233D}.Release|x64.Build.0 = Release|x64
		{E843DBFA-1AC7-49B1-BE0B-2A7EC0B2233D}.Release|x86.ActiveCfg = Release|Win32
		{E843DBFA-1AC7-49B1-BE0B-2A7EC0B2233D}.Release|x86.Build.0 = Release|Win32
		{576BE64A-967B-46D8-8CD5-E2EFC6C008AD}.Debug|Any CPU.ActiveCfg = Debug|Win32
		{576BE64A-967B-46D8-8CD5-E2EFC6C008AD}.Debug|x64.ActiveCfg = Debug|x64
		{576BE64A-967B-46D8-8CD5-E2EFC6C008AD}.Debug|x64.Build.0 = Debug|x64
		{576BE64A-967B-46D8-8CD5-E2EFC6C008AD}.Debug|x86.ActiveCfg = Debug|Win32
		{576BE64A-967B-46D8-8CD5-E2EFC6C008AD}.Debug|x86.Build.0 = Debug|Win32
		{576BE64A-967B-46D8-8CD5-E2EFC6C008AD}.Release|Any CPU.ActiveCfg = Release|Win32
		{576BE64A-967B-46D8-8CD5-E2EFC6C008AD}.Release|x64.ActiveCfg = Release|x64
		{576BE64A-967B-46D8-8CD5-E2EFC6C008AD}.Release|x64.Build.0 = Release|x64
		{576BE64A-967B-46D8-8CD5-E2EFC6C008AD}.Release|x86.ActiveCfg = Release|Win32
		{576BE64A-967B-46D8-8CD5-E2EFC6C008AD}.Release|x86.Build.0 = Release|Win32
		{CB98373D-69FC-40F1-B3F0-C74075C96F7A}.Debug|Any CPU.ActiveCfg = Debug|Win32
		{CB98373D-69FC-40F1-B3F0-C74075C96F7A}.Debug|x64.ActiveCfg = Debug|x64
		{CB98373D-69FC-40F1-B3F0-C74075C96F7A}.Debug|x64.Build.0 = Debug|x64
		{CB98373D-69FC-40F1-B3F0-C74075C96F7A}.Debug|x86.ActiveCfg = Debug|Win32
		{CB98373D-69FC-40F1-B3F0-C74075C96F7A}.Debug|x86.Build.0 = Debug|Win32
		{CB98373D-69FC-40F1-B3F0-C74075C96F7A}.Release|Any CPU.ActiveCfg = Release|Win32
		{CB98373D-69FC-40F1-B3F0-C74075C96F7A}.Release|x64.ActiveCfg = Release|x64
		{CB98373D-69FC-40F1-B3F0-C74075C96F7A}.Release|x64.Build.0 = Release|x64
		{CB98373D-69FC-40F1-B3F0-C74075C96F7A}.Release|x86.ActiveCfg = Release|Win32
		{CB98373D-69FC-40F1-B3F0-C74075C96F7A}.Release|x86.Build.0 = Release|Win32
		{2A702115-A5E3-49C3-9F77-4A3C91D5612C}.Debug|Any CPU.ActiveCfg = Debug|Win32
		{2A702115-A5E3-49C3-9F77-4A3C91D5612C}.Debug|x64.ActiveCfg = Debug|x64
		{2A702115-A5E3-49C3-9F77-4A3C91D5612C}.Debug|x64.Build.0 = Debug|x64
		{2A702115-A5E3-49C3-9F77-4A3C91D5612C}.Debug|x86.ActiveCfg = Debug|Win32
		{2A702115-A5E3-49C3-9F77-4A3C91D5612C}.Debug|x86.Build.0 = Debug|Win32
		{2A702115-A5E3-49C3-9F77-4A3C91D5612C}.Release|Any CPU.ActiveCfg = Release|Win32
		{2A702115-A5E3-49C3-9F77-4A3C91D5612C}.Release|x64.ActiveCfg = Release|x64
		{2A702115-A5E3-49C3-9F77-4A3C91D5612C}.Release|x64.Build.0 = Release|x64
		{2A702115-A5E3-49C3-9F77-4A3C91D5612C}.Release|x86.ActiveCfg = Release|Win32
		{2A702115-A5E3-49C3-9F77-4A3C91D5612C}.Release|x86.Build.0 = Release|Win32
		{3420D234-9219-4B48-86ED-15C66AA403E3}.Debug|Any CPU.ActiveCfg = Debug|Win32
		{3420D234-9219-4B48-86ED-15C66AA403E3}.Debug|x64.ActiveCfg = Debug|x64
		{3420D234-9219-4B48-86ED-15C66AA403E3}.Debug|x64.Build.0 = Debug|x64
		{3420D234-9219-4B48-86ED-15C66AA403E3}.Debug|x86.ActiveCfg = Debug|Win32
		{3420D234-9219-4B48-86ED-15C66AA403E3}.Debug|x86.Build.0 = Debug|Win32
		{3420D234-9219-4B48-86ED-15C66AA403E3}.Release|Any CPU.ActiveCfg = Release|Win32
		{3420D234-9219-4B48-86ED-15C66AA403E3}.Release|x64.ActiveCfg = Release|x64
		{3420D234-9219-4B48-86ED-15C66AA403E3}.Release|x64.Build.0 = Release|x64
		{3420D234-9219-4B48-86ED-15C66AA403E3}.Release|x86.ActiveCfg = Release|Win32
		{3420D234-9219-4B48-86ED-15C66AA403E3}.Release|x86.Build.0 = Release|Win32
		{4575A93D-CBED-4485-8FE9-D83F3321697F}.Debug|Any CPU.ActiveCfg = Debug|Win32
		{4575A93D-CBED-4485-8FE9-D83F3321697F}.Debug|x64.ActiveCfg = Debug|x64
		{4575A93D-CBED-4485-8FE9-D83F3321697F}.Debug|x64.Build.0 = Debug|x64
		{4575A93D-CBED-4485-8FE9-D83F3321697F}.Debug|x86.ActiveCfg = Debug|Win32
		{4575A93D-CBED-4485-8FE9-D83F3321697F}.Debug|x86.Build.0 = Debug|Win32
		{4575A93D-CBED-4485-8FE9-D83F3321697F}.Release|Any CPU.ActiveCfg = Release|Win32
		{4575A93D-CBED-4485-8FE9-D83F3321697F}.Release|x64.ActiveCfg = Release|x64
		{4575A93D-CBED-4485-8FE9-D83F3321697F}.Release|x64.Build.0 = Release|x64
		{4575A93D-CBED-4485-8FE9-D83F3321697F}.Release|x86.ActiveCfg = Release|Win32
		{4575A93D-CBED-4485-8FE9-D83F3321697F}.Release|x86.Build.0 = Release|Win32
	EndGlobalSection
	GlobalSection(SolutionProperties) = preSolution
		HideSolutionNode = FALSE
	EndGlobalSection
	GlobalSection(ExtensibilityGlobals) = postSolution
		SolutionGuid = {BCE9F429-9E6A-41F0-BECA-C8D9F25F009C}
	EndGlobalSection
EndGlobal
